{
  "nodes": {
    "bat": {
      "flake": false,
      "locked": {
        "lastModified": 1708715598,
        "narHash": "sha256-gfJdXhumrWthAsK6xo6sYEHZrXM0FFyS1ad8GgHHwQ8=",
        "owner": "mgumz",
        "repo": "yazi-plugin-bat",
        "rev": "1925c200632f017119dd685601b5f2d7d4ab266b",
        "type": "github"
      },
      "original": {
        "owner": "mgumz",
        "repo": "yazi-plugin-bat",
        "type": "github"
      }
    },
    "exifaudio": {
      "flake": false,
      "locked": {
        "lastModified": 1709145193,
        "narHash": "sha256-jz6fVtcLHw9lsxFWECbuxE7tEBttE08Fl4oJSTifaEc=",
        "owner": "Sonico98",
        "repo": "exifaudio.yazi",
        "rev": "94329ead8b3a6d3faa2d4975930a3d0378980c7a",
        "type": "github"
      },
      "original": {
        "owner": "Sonico98",
        "repo": "exifaudio.yazi",
        "type": "github"
      }
    },
    "fg": {
      "flake": false,
      "locked": {
        "lastModified": 1715641971,
        "narHash": "sha256-LZsIyvpJgriLYfw3ZeAgh1nsqXy1xSodXql34Paj6zw=",
        "owner": "DreamMaoMao",
        "repo": "fg.yazi",
        "rev": "677688ad48fbcb89578d7fd66ad4205f458be6d2",
        "type": "github"
      },
      "original": {
        "owner": "DreamMaoMao",
        "repo": "fg.yazi",
        "type": "github"
      }
    },
    "glow": {
      "flake": false,
      "locked": {
        "lastModified": 1714603187,
        "narHash": "sha256-NcMbYjek99XgWFlebU+8jv338Vk1hm5+oW5gwH+3ZbI=",
        "owner": "Reledia",
        "repo": "glow.yazi",
        "rev": "536185a4e60ac0adc11d238881e78678fdf084ff",
        "type": "github"
      },
      "original": {
        "owner": "Reledia",
        "repo": "glow.yazi",
        "type": "github"
      }
    },
    "mime": {
      "flake": false,
      "locked": {
        "lastModified": 1715213790,
        "narHash": "sha256-ydO7IieSQM1lsxS04Zk+GrdBgsmMVYMBHQ0DF8tqyAA=",
        "owner": "DreamMaoMao",
        "repo": "mime.yazi",
        "rev": "e910658a9fd200404a1b8d613cb65b509b7cda1c",
        "type": "github"
      },
      "original": {
        "owner": "DreamMaoMao",
        "repo": "mime.yazi",
        "rev": "e910658a9fd200404a1b8d613cb65b509b7cda1c",
        "type": "github"
      }
    },
    "root": {
      "inputs": {
        "bat": "bat",
        "exifaudio": "exifaudio",
        "fg": "fg",
        "glow": "glow",
        "mime": "mime",
        "tokyo-night": "tokyo-night"
      }
    },
    "tokyo-night": {
      "flake": false,
      "locked": {
        "lastModified": 1715338875,
        "narHash": "sha256-IhCwP5v0qbuanjfMRbk/Uatu31rPNVChJn5Y9c5KWYQ=",
        "owner": "BennyOe",
        "repo": "tokyo-night.yazi",
        "rev": "024fb096821e7d2f9d09a338f088918d8cfadf34",
        "type": "github"
      },
      "original": {
        "owner": "BennyOe",
        "repo": "tokyo-night.yazi",
        "type": "github"
      }
    }
  },
  "root": "root",
  "version": 7
}
